<Solution>
  <Folder Name="/src/">
    <Project Path="src/Workbench.Core/Workbench.Core.csproj" />
    <Project Path="src/Workbench.Cli/Workbench.Cli.csproj" />
    <Project Path="src/Workbench/Workbench.csproj" />
  </Folder>
  <Folder Name="/tests/">
    <Project Path="tests/Workbench.Tests/Workbench.Tests.csproj" />
    <Project Path="tests/Workbench.IntegrationTests/Workbench.IntegrationTests.csproj" />
  </Folder>
</Solution>
